{
  "name": "table-buddy-frontend",
  "version": "1.0.0",
  "lockfileVersion": 1,
  "requires": true,
  "dependencies": {
    "filter-buddy": {
      "version": "1.0.1",
      "resolved": "https://registry.npmjs.org/filter-buddy/-/filter-buddy-1.0.1.tgz",
      "integrity": "sha512-g8OFKPpc9g3uJ0gEZ9cUsCYnMcHrayCIVvun/Y23Ftolx4ybdk85E4uBsqB/0k5CXdnY4DG3mfr08G1iJsqx+Q=="
    }
  }
}
