{
  "name": "table-buddy-frontend",
  "version": "1.0.0",
  "lockfileVersion": 1,
  "requires": true,
  "dependencies": {
    "filter-buddy": {
      "version": "1.1.1",
      "resolved": "https://registry.npmjs.org/filter-buddy/-/filter-buddy-1.1.1.tgz",
      "integrity": "sha512-HoU+r31U8I7bIalMuQFEIjWgK9kwfLQ7ZQizbCh4GJqSvLgJJEROwRvAdI6QoMqI8GJ2V2Wh8i8hWDVCdZdDrg=="
    }
  }
}
